
Microsoft Visual Studio Solution File, Format Version 12.00
# Visual Studio Version 16
VisualStudioVersion = 16.0.31229.75
MinimumVisualStudioVersion = 10.0.40219.1
Project("{9A19103F-16F7-4668-BE54-9A1E7A4F7556}") = "TrackerLibrary", "TrackerLibrary\TrackerLibrary.csproj", "{76F96E94-1312-4084-81BE-0E8BB44AC184}"
EndProject
Project("{9A19103F-16F7-4668-BE54-9A1E7A4F7556}") = "TrackerUI", "TrackerUI\TrackerUI.csproj", "{7555D04D-EE1F-41EE-849D-F6F9BF4F5905}"
EndProject
Global
	GlobalSection(SolutionConfigurationPlatforms) = preSolution
		Debug|Any CPU = Debug|Any CPU
		Release|Any CPU = Release|Any CPU
	EndGlobalSection
	GlobalSection(ProjectConfigurationPlatforms) = postSolution
		{76F96E94-1312-4084-81BE-0E8BB44AC184}.Debug|Any CPU.ActiveCfg = Debug|Any CPU
		{76F96E94-1312-4084-81BE-0E8BB44AC184}.Debug|Any CPU.Build.0 = Debug|Any CPU
		{76F96E94-1312-4084-81BE-0E8BB44AC184}.Release|Any CPU.ActiveCfg = Release|Any CPU
		{76F96E94-1312-4084-81BE-0E8BB44AC184}.Release|Any CPU.Build.0 = Release|Any CPU
		{7555D04D-EE1F-41EE-849D-F6F9BF4F5905}.Debug|Any CPU.ActiveCfg = Debug|Any CPU
		{7555D04D-EE1F-41EE-849D-F6F9BF4F5905}.Debug|Any CPU.Build.0 = Debug|Any CPU
		{7555D04D-EE1F-41EE-849D-F6F9BF4F5905}.Release|Any CPU.ActiveCfg = Release|Any CPU
		{7555D04D-EE1F-41EE-849D-F6F9BF4F5905}.Release|Any CPU.Build.0 = Release|Any CPU
	EndGlobalSection
	GlobalSection(SolutionProperties) = preSolution
		HideSolutionNode = FALSE
	EndGlobalSection
	GlobalSection(ExtensibilityGlobals) = postSolution
		SolutionGuid = {9748B746-CBDE-4F33-B260-C92E1E5E7627}
	EndGlobalSection
EndGlobal
